# THIS IS AN AUTOGENERATED FILE. DO NOT EDIT THIS FILE DIRECTLY.
# yarn lockfile v1


"@abp/aspnetcore.mvc.ui.theme.leptonxlite@~4.1.0":
  version "4.1.3"
  resolved "https://registry.npmjs.org/@abp/aspnetcore.mvc.ui.theme.leptonxlite/-/aspnetcore.mvc.ui.theme.leptonxlite-4.1.3.tgz"
  integrity sha512-+pmZahk6eZxzOE05mpYp+eAUu0LoD4c0G3JZkig/7h19rSGpmnzeMEmoeP5cBQsSR4F0J5K75O0UcX8eWyPplQ==
  dependencies:
    "@abp/aspnetcore.mvc.ui.theme.shared" "~9.1.3"

"@abp/aspnetcore.mvc.ui.theme.shared@~9.1.3":
  version "9.1.3"
  resolved "https://registry.npmjs.org/@abp/aspnetcore.mvc.ui.theme.shared/-/aspnetcore.mvc.ui.theme.shared-9.1.3.tgz"
  integrity sha512-lZ177eyHrwSBtsFbkbODrmEvXHdiSueh62jyoU7YKbskPHzOA/6ZOjkzMRDicf5UFUuJOYZi0i7p/2Jib9sWmA==
  dependencies:
    "@abp/aspnetcore.mvc.ui" "~9.1.3"
    "@abp/bootstrap" "~9.1.3"
    "@abp/bootstrap-datepicker" "~9.1.3"
    "@abp/bootstrap-daterangepicker" "~9.1.3"
    "@abp/datatables.net-bs5" "~9.1.3"
    "@abp/font-awesome" "~9.1.3"
    "@abp/jquery-form" "~9.1.3"
    "@abp/jquery-validation-unobtrusive" "~9.1.3"
    "@abp/lodash" "~9.1.3"
    "@abp/luxon" "~9.1.3"
    "@abp/malihu-custom-scrollbar-plugin" "~9.1.3"
    "@abp/moment" "~9.1.3"
    "@abp/select2" "~9.1.3"
    "@abp/sweetalert2" "~9.1.3"
    "@abp/timeago" "~9.1.3"
    "@abp/toastr" "~9.1.3"

"@abp/aspnetcore.mvc.ui@~9.1.3":
  version "9.1.3"
  resolved "https://registry.npmjs.org/@abp/aspnetcore.mvc.ui/-/aspnetcore.mvc.ui-9.1.3.tgz"
  integrity sha512-ZZsvjCHjOkFAp+k1iXd35YIGGsHEIOEcRGm+3dSyQVeg8gkdAYEJ60Vj/ca5cCEFFe2v/D6xBt++vmzq2N4AvQ==
  dependencies:
    ansi-colors "^4.1.3"

"@abp/bootstrap-datepicker@~9.1.3":
  version "9.1.3"
  resolved "https://registry.npmjs.org/@abp/bootstrap-datepicker/-/bootstrap-datepicker-9.1.3.tgz"
  integrity sha512-s80oSiX4hPyby9TQsKYBz1RBEjvDbiZ6FYqrQDdJFuig44XU9Xs3QBvolGPY5doQp7Dck0a40KpuahIZC/1Ziw==
  dependencies:
    bootstrap-datepicker "^1.10.0"

"@abp/bootstrap-daterangepicker@~9.1.3":
  version "9.1.3"
  resolved "https://registry.npmjs.org/@abp/bootstrap-daterangepicker/-/bootstrap-daterangepicker-9.1.3.tgz"
  integrity sha512-2FXPhhorKytyhy/wrlmK5jarxrBCGNtmKuxlHUtymJtwAKyP8yKZePrGR7ZaQB0Bn6m5oZ6KrMQlf05OJPbu4Q==
  dependencies:
    bootstrap-daterangepicker "^3.1.0"

"@abp/bootstrap@~9.1.3":
  version "9.1.3"
  resolved "https://registry.npmjs.org/@abp/bootstrap/-/bootstrap-9.1.3.tgz"
  integrity sha512-GVzedL6Rqza4+3LqE4HejpwdEzC4ZbmFBzVmIy0lJBHBayA8fdVBpO310M7R/JMxPNy6tFOfjufIF8M7s/r19A==
  dependencies:
    "@abp/core" "~9.1.3"
    bootstrap "^5.3.3"

"@abp/core@~9.1.3":
  version "9.1.3"
  resolved "https://registry.npmjs.org/@abp/core/-/core-9.1.3.tgz"
  integrity sha512-dtMWaqqEErfBQShyxstSb4WEgKUhuhnihOEZP1PmNQVkew0ctYZ5iOI0+zbRPKRrIqdMxmczZoZinz3XcxT0oA==
  dependencies:
    "@abp/utils" "~9.1.3"

"@abp/core@~9.2.0":
  version "9.2.0"
  resolved "https://registry.npmjs.org/@abp/core/-/core-9.2.0.tgz"
  integrity sha512-3iESoHFj8I2xK81dwQVpCI6C1bc87VfWKyJE3/IUv4zWvG4QvI0aKhe1wxocmJqTjjowPUA3/fa2hvpfqPs2Bw==
  dependencies:
    "@abp/utils" "~9.2.0"

"@abp/datatables.net-bs5@~9.1.3":
  version "9.1.3"
  resolved "https://registry.npmjs.org/@abp/datatables.net-bs5/-/datatables.net-bs5-9.1.3.tgz"
  integrity sha512-FIIRxKVeCw+WmlageyeF/12OdrdkPDJTK84a+9t9s8GiFHvNa1IR6qTYi6IzNWYzh8kGzOCAj7Gc0AAZP9utRA==
  dependencies:
    "@abp/datatables.net" "~9.1.3"
    datatables.net-bs5 "^2.1.8"

"@abp/datatables.net@~9.1.3":
  version "9.1.3"
  resolved "https://registry.npmjs.org/@abp/datatables.net/-/datatables.net-9.1.3.tgz"
  integrity sha512-nhtEuzDkZOy69wcUS1eerFYPK58q6e7HuYhreWZzsGcPucUONK1OWrryRb0KbvogOyw9oKR/DdwoMpdChWMmmQ==
  dependencies:
    "@abp/jquery" "~9.1.3"
    datatables.net "^2.1.8"

"@abp/font-awesome@~9.1.3":
  version "9.1.3"
  resolved "https://registry.npmjs.org/@abp/font-awesome/-/font-awesome-9.1.3.tgz"
  integrity sha512-VvVEVskbVFnkXDDKHjDgGtFoNTvicGDmnSvLtCjp+NO4+W8PrXDxxgFQ7vBo3zygE6kHPnF0H2IUZXOZwwPEMQ==
  dependencies:
    "@abp/core" "~9.1.3"
    "@fortawesome/fontawesome-free" "^6.6.0"

"@abp/jquery-form@~9.1.3":
  version "9.1.3"
  resolved "https://registry.npmjs.org/@abp/jquery-form/-/jquery-form-9.1.3.tgz"
  integrity sha512-jkDjIssza7SuygXtPcGU+zP0+U48G3n/r6oWH+BYY/Edp/5xNVfMkCSi0ZvgSq4cuDNtXF2stPthSgTKrl6jyA==
  dependencies:
    "@abp/jquery" "~9.1.3"
    jquery-form "^4.3.0"

"@abp/jquery-validation-unobtrusive@~9.1.3":
  version "9.1.3"
  resolved "https://registry.npmjs.org/@abp/jquery-validation-unobtrusive/-/jquery-validation-unobtrusive-9.1.3.tgz"
  integrity sha512-sOwslfUUQBQRcHwqzzKZvljk/D/IcUDEoanWebC125uaN/f+1UlfvMZ5zYr954cdQvAuGexdgvu+8Im+8CM7Gg==
  dependencies:
    "@abp/jquery-validation" "~9.1.3"
    jquery-validation-unobtrusive "^4.0.0"

"@abp/jquery-validation@~9.1.3":
  version "9.1.3"
  resolved "https://registry.npmjs.org/@abp/jquery-validation/-/jquery-validation-9.1.3.tgz"
  integrity sha512-Dz4cZUH6ZmcEqDEZDjw/q//pkSzayBl2Y/D+EGFNfVJXlckS20EUFDIcLiPWfeM0J8sB6Gfzj1fh1ot9irSQCQ==
  dependencies:
    "@abp/jquery" "~9.1.3"
    jquery-validation "^1.21.0"

"@abp/jquery@~9.1.3":
  version "9.1.3"
  resolved "https://registry.npmjs.org/@abp/jquery/-/jquery-9.1.3.tgz"
  integrity sha512-K6R2jx0V8no9qSqBrfqNdcF42aXMe1P+rar3CiFJ/SG0V5L/wk85yjt5on5M1TYjO1F3l1G+0wN5cw5gvw/Qrg==
  dependencies:
    "@abp/core" "~9.1.3"
    jquery "~3.7.1"

"@abp/lodash@~9.1.3":
  version "9.1.3"
  resolved "https://registry.npmjs.org/@abp/lodash/-/lodash-9.1.3.tgz"
  integrity sha512-6CH+5+SsP1rxZAT71C2BSS5HV+orPrjkQpcOI0MWVQI67OfozhnJ/0Pq/6LVs5Jxzum7x6IWZbjipQrg3xiJOw==
  dependencies:
    "@abp/core" "~9.1.3"
    lodash "^4.17.21"

"@abp/luxon@~9.1.3":
  version "9.1.3"
  resolved "https://registry.npmjs.org/@abp/luxon/-/luxon-9.1.3.tgz"
  integrity sha512-J5SxZ0eQTwCg1a55L/RHBBlPHEpN9TNT90J+My9vpmYOFr046/44ZuncBJNblpZ/MWrfBO/t7CCHiDjYqL5qzQ==
  dependencies:
    "@abp/core" "~9.1.3"
    luxon "^3.5.0"

"@abp/malihu-custom-scrollbar-plugin@~9.1.3":
  version "9.1.3"
  resolved "https://registry.npmjs.org/@abp/malihu-custom-scrollbar-plugin/-/malihu-custom-scrollbar-plugin-9.1.3.tgz"
  integrity sha512-T2DFZGg3J/en7RT5r6ywBjEWVCPwxlRowIhtv7hP0r4WNkhAkyimfJnPld7tMLI+xYBoliZoFOWDnGITkz2A0g==
  dependencies:
    "@abp/core" "~9.1.3"
    malihu-custom-scrollbar-plugin "^3.1.5"

"@abp/moment@~9.1.3":
  version "9.1.3"
  resolved "https://registry.npmjs.org/@abp/moment/-/moment-9.1.3.tgz"
  integrity sha512-uoejS1gJWfr7qgNiB7+o+xYDmxIlj7q0nSAbxv//CHwo1UJjgFkc7bRI3zB5qtCBhCxBxFPdkoYFI7fFnMseFw==
  dependencies:
    moment "^2.30.1"

"@abp/select2@~9.1.3":
  version "9.1.3"
  resolved "https://registry.npmjs.org/@abp/select2/-/select2-9.1.3.tgz"
  integrity sha512-vZStRwNzUSCDBpTGuoMe9lGCqqHLqHGkKht5zEGQlOGZs0gHQztQbi/dDsK1JOV/I9jS900IlYhjEf36xcLkDg==
  dependencies:
    "@abp/core" "~9.1.3"
    select2 "^4.0.13"

"@abp/signalr@^9.2.0":
  version "9.2.0"
  resolved "https://registry.npmjs.org/@abp/signalr/-/signalr-9.2.0.tgz"
  integrity sha512-ze8CRUiy509kUhSFiWs0dsvXRkvkwFzFT0bjmlJfQBZ4dmlG0yP78ZGtpocKmRIJmTZawlMSeE4uhlQNp1LbCQ==
  dependencies:
    "@abp/core" "~9.2.0"
    "@microsoft/signalr" "~8.0.7"

"@abp/sweetalert2@~9.1.3":
  version "9.1.3"
  resolved "https://registry.npmjs.org/@abp/sweetalert2/-/sweetalert2-9.1.3.tgz"
  integrity sha512-awQk3/Hkrt3ZyneZ4J6H9TMCOgSSjnNCHdT6flCPr78oq88/k1jYTBwAJ2boBRFXZov34c8HzJgUHcEixEpTuQ==
  dependencies:
    "@abp/core" "~9.1.3"
    sweetalert2 "^11.14.1"

"@abp/timeago@~9.1.3":
  version "9.1.3"
  resolved "https://registry.npmjs.org/@abp/timeago/-/timeago-9.1.3.tgz"
  integrity sha512-+chWSDqQL2Kt5wcIeQCf/vKRL5jpcej/Zv5lfDUJAI1dKJyLzPdzYj/m7yA9x5Osl3Cf8jG8dXDCZ2oM6pG96Q==
  dependencies:
    "@abp/jquery" "~9.1.3"
    timeago "^1.6.7"

"@abp/toastr@~9.1.3":
  version "9.1.3"
  resolved "https://registry.npmjs.org/@abp/toastr/-/toastr-9.1.3.tgz"
  integrity sha512-WucCvTnSV0shflVmNuHroWkWCqWJYQRnuC28hwi902udca4OnRrEQVoG2joub+/XIsaxCo1BVaR42tzdnn5Jmw==
  dependencies:
    "@abp/jquery" "~9.1.3"
    toastr "^2.1.4"

"@abp/utils@~9.1.3":
  version "9.1.3"
  resolved "https://registry.npmjs.org/@abp/utils/-/utils-9.1.3.tgz"
  integrity sha512-g0QN3pwGgSPb0orAMtQ1YcFUtqKCazizWeW5OBwWrdR/GcxD1tM2foA3jV7yOtupvVwA0XPe3TC77HS/QIZSsg==
  dependencies:
    just-compare "^2.3.0"

"@abp/utils@~9.2.0":
  version "9.2.0"
  resolved "https://registry.npmjs.org/@abp/utils/-/utils-9.2.0.tgz"
  integrity sha512-aciBuXhzlaqe+o7mNt536bCk425cmxY5BE0wwl13u3pX3LfWYWLEgwl8GS0aeI11TS1/7+1N85RJELyz/+y0hQ==
  dependencies:
    just-compare "^2.3.0"

"@eslint-community/eslint-utils@^4.8.0":
  version "4.9.1"
  resolved "https://registry.npmjs.org/@eslint-community/eslint-utils/-/eslint-utils-4.9.1.tgz"
  integrity sha512-phrYmNiYppR7znFEdqgfWHXR6NCkZEK7hwWDHZUjit/2/U0r6XvkDl0SYnoM51Hq7FhCGdLDT6zxCCOY1hexsQ==
  dependencies:
    eslint-visitor-keys "^3.4.3"

"@eslint-community/regexpp@^4.12.2":
  version "4.12.2"
  resolved "https://registry.npmjs.org/@eslint-community/regexpp/-/regexpp-4.12.2.tgz"
  integrity sha512-EriSTlt5OC9/7SXkRSCAhfSxxoSUgBm33OH+IkwbdpgoqsSsUg7y3uh+IICI/Qg4BBWr3U2i39RpmycbxMq4ew==

"@eslint/config-array@^0.23.5":
  version "0.23.5"
  resolved "https://registry.npmjs.org/@eslint/config-array/-/config-array-0.23.5.tgz"
  integrity sha512-Y3kKLvC1dvTOT+oGlqNQ1XLqK6D1HU2YXPc52NmAlJZbMMWDzGYXMiPRJ8TYD39muD/OTjlZmNJ4ib7dvSrMBA==
  dependencies:
    "@eslint/object-schema" "^3.0.5"
    debug "^4.3.1"
    minimatch "^10.2.4"

"@eslint/config-helpers@^0.5.5":
  version "0.5.5"
  resolved "https://registry.npmjs.org/@eslint/config-helpers/-/config-helpers-0.5.5.tgz"
  integrity sha512-eIJYKTCECbP/nsKaaruF6LW967mtbQbsw4JTtSVkUQc9MneSkbrgPJAbKl9nWr0ZeowV8BfsarBmPpBzGelA2w==
  dependencies:
    "@eslint/core" "^1.2.1"

"@eslint/core@^1.2.1":
  version "1.2.1"
  resolved "https://registry.npmjs.org/@eslint/core/-/core-1.2.1.tgz"
  integrity sha512-MwcE1P+AZ4C6DWlpin/OmOA54mmIZ/+xZuJiQd4SyB29oAJjN30UW9wkKNptW2ctp4cEsvhlLY/CsQ1uoHDloQ==
  dependencies:
    "@types/json-schema" "^7.0.15"

"@eslint/object-schema@^3.0.5":
  version "3.0.5"
  resolved "https://registry.npmjs.org/@eslint/object-schema/-/object-schema-3.0.5.tgz"
  integrity sha512-vqTaUEgxzm+YDSdElad6PiRoX4t8VGDjCtt05zn4nU810UIx/uNEV7/lZJ6KwFThKZOzOxzXy48da+No7HZaMw==

"@eslint/plugin-kit@^0.7.1":
  version "0.7.1"
  resolved "https://registry.npmjs.org/@eslint/plugin-kit/-/plugin-kit-0.7.1.tgz"
  integrity sha512-rZAP3aVgB9ds9KOeUSL+zZ21hPmo8dh6fnIFwRQj5EAZl9gzR7wxYbYXYysAM8CTqGmUGyp2S4kUdV17MnGuWQ==
  dependencies:
    "@eslint/core" "^1.2.1"
    levn "^0.4.1"

"@fortawesome/fontawesome-free@^6.6.0":
  version "6.7.2"
  resolved "https://registry.npmjs.org/@fortawesome/fontawesome-free/-/fontawesome-free-6.7.2.tgz"
  integrity sha512-JUOtgFW6k9u4Y+xeIaEiLr3+cjoUPiAuLXoyKOJSia6Duzb7pq+A76P9ZdPDoAoxHdHzq6gE9/jKBGXlZT8FbA==

"@humanfs/core@^0.19.2":
  version "0.19.2"
  resolved "https://registry.npmjs.org/@humanfs/core/-/core-0.19.2.tgz"
  integrity sha512-UhXNm+CFMWcbChXywFwkmhqjs3PRCmcSa/hfBgLIb7oQ5HNb1wS0icWsGtSAUNgefHeI+eBrA8I1fxmbHsGdvA==
  dependencies:
    "@humanfs/types" "^0.15.0"

"@humanfs/node@^0.16.6":
  version "0.16.8"
  resolved "https://registry.npmjs.org/@humanfs/node/-/node-0.16.8.tgz"
  integrity sha512-gE1eQNZ3R++kTzFUpdGlpmy8kDZD/MLyHqDwqjkVQI0JMdI1D51sy1H958PNXYkM2rAac7e5/CnIKZrHtPh3BQ==
  dependencies:
    "@humanfs/core" "^0.19.2"
    "@humanfs/types" "^0.15.0"
    "@humanwhocodes/retry" "^0.4.0"

"@humanfs/types@^0.15.0":
  version "0.15.0"
  resolved "https://registry.npmjs.org/@humanfs/types/-/types-0.15.0.tgz"
  integrity sha512-ZZ1w0aoQkwuUuC7Yf+7sdeaNfqQiiLcSRbfI08oAxqLtpXQr9AIVX7Ay7HLDuiLYAaFPu8oBYNq/QIi9URHJ3Q==

"@humanwhocodes/module-importer@^1.0.1":
  version "1.0.1"
  resolved "https://registry.npmjs.org/@humanwhocodes/module-importer/-/module-importer-1.0.1.tgz"
  integrity sha512-bxveV4V8v5Yb4ncFTT3rPSgZBOpCkjfK0y4oVVVJwIuDVBRMDXrPyXRL988i5ap9m9bnyEEjWfm5WkBmtffLfA==

"@humanwhocodes/retry@^0.4.0", "@humanwhocodes/retry@^0.4.2":
  version "0.4.3"
  resolved "https://registry.npmjs.org/@humanwhocodes/retry/-/retry-0.4.3.tgz"
  integrity sha512-bV0Tgo9K4hfPCek+aMAn81RppFKv2ySDQeMoSZuvTASywNTnVJCArCZE2FWqpvIatKu7VMRLWlR1EazvVhDyhQ==

"@microsoft/signalr@~8.0.7":
  version "8.0.7"
  resolved "https://registry.npmjs.org/@microsoft/signalr/-/signalr-8.0.7.tgz"
  integrity sha512-PHcdMv8v5hJlBkRHAuKG5trGViQEkPYee36LnJQx4xHOQ5LL4X0nEWIxOp5cCtZ7tu+30quz5V3k0b1YNuc6lw==
  dependencies:
    abort-controller "^3.0.0"
    eventsource "^2.0.2"
    fetch-cookie "^2.0.3"
    node-fetch "^2.6.7"
    ws "^7.4.5"

"@popperjs/core@^2.11.8":
  version "2.11.8"
  resolved "https://registry.npmjs.org/@popperjs/core/-/core-2.11.8.tgz"
  integrity sha512-P1st0aksCrn9sGZhp8GMYwBnQsbvAWsZAX44oXNNvLHGqAOcoVxmjZiohstwQ7SqKnbR47akdNi+uleWD8+g6A==

"@types/esrecurse@^4.3.1":
  version "4.3.1"
  resolved "https://registry.npmjs.org/@types/esrecurse/-/esrecurse-4.3.1.tgz"
  integrity sha512-xJBAbDifo5hpffDBuHl0Y8ywswbiAp/Wi7Y/GtAgSlZyIABppyurxVueOPE8LUQOxdlgi6Zqce7uoEpqNTeiUw==

"@types/estree@^1.0.6", "@types/estree@^1.0.8":
  version "1.0.9"
  resolved "https://registry.npmjs.org/@types/estree/-/estree-1.0.9.tgz"
  integrity sha512-GhdPgy1el4/ImP05X05Uw4cw2/M93BCUmnEvWZNStlCzEKME4Fkk+YpoA5OiHNQmoS7Cafb8Xa3Pya8m1Qrzeg==

"@types/json-schema@^7.0.15":
  version "7.0.15"
  resolved "https://registry.npmjs.org/@types/json-schema/-/json-schema-7.0.15.tgz"
  integrity sha512-5+fP8P8MFNC+AyZCDxrB2pkZFPGzqQWUzpSeuuVLvm8VMcorNYavBqoFcxK8bQz4Qsbn4oUEEem4wDLfcysGHA==

abort-controller@^3.0.0:
  version "3.0.0"
  resolved "https://registry.npmjs.org/abort-controller/-/abort-controller-3.0.0.tgz"
  integrity sha512-h8lQ8tacZYnR3vNQTgibj+tODHI5/+l06Au2Pcriv/Gmet0eaj4TwWH41sO9wnHDiQsEj19q0drzdWdeAHtweg==
  dependencies:
    event-target-shim "^5.0.0"

acorn-jsx@^5.3.2:
  version "5.3.2"
  resolved "https://registry.npmjs.org/acorn-jsx/-/acorn-jsx-5.3.2.tgz"
  integrity sha512-rq9s+JNhf0IChjtDXxllJ7g41oZk5SlXtp0LHwyA5cejwn7vKmKp4pPri6YEePv2PU65sAsegbXtIinmDFDXgQ==

"acorn@^6.0.0 || ^7.0.0 || ^8.0.0", acorn@^8.16.0:
  version "8.16.0"
  resolved "https://registry.npmjs.org/acorn/-/acorn-8.16.0.tgz"
  integrity sha512-UVJyE9MttOsBQIDKw1skb9nAwQuR5wuGD3+82K6JgJlm/Y+KI92oNsMNGZCYdDsVtRHSak0pcV5Dno5+4jh9sw==

ajv@^6.14.0:
  version "6.15.0"
  resolved "https://registry.npmjs.org/ajv/-/ajv-6.15.0.tgz"
  integrity sha512-fgFx7Hfoq60ytK2c7DhnF8jIvzYgOMxfugjLOSMHjLIPgenqa7S7oaagATUq99mV6IYvN2tRmC0wnTYX6iPbMw==
  dependencies:
    fast-deep-equal "^3.1.1"
    fast-json-stable-stringify "^2.0.0"
    json-schema-traverse "^0.4.1"
    uri-js "^4.2.2"

ansi-colors@^4.1.3:
  version "4.1.3"
  resolved "https://registry.npmjs.org/ansi-colors/-/ansi-colors-4.1.3.tgz"
  integrity sha512-/6w/C21Pm1A7aZitlI5Ni/2J6FFQN8i1Cvz3kHABAAbw93v/NlvKdVOqz7CCWz/3iv/JplRSEEZ83XION15ovw==

balanced-match@^4.0.2:
  version "4.0.4"
  resolved "https://registry.npmjs.org/balanced-match/-/balanced-match-4.0.4.tgz"
  integrity sha512-BLrgEcRTwX2o6gGxGOCNyMvGSp35YofuYzw9h1IMTRmKqttAZZVU67bdb9Pr2vUHA8+j3i2tJfjO6C6+4myGTA==

bootstrap-datepicker@^1.10.0:
  version "1.10.0"
  resolved "https://registry.npmjs.org/bootstrap-datepicker/-/bootstrap-datepicker-1.10.0.tgz"
  integrity sha512-lWxtSYddAQOpbAO8UhYhHLcK6425eWoSjb5JDvZU3ePHEPF6A3eUr51WKaFy4PccU19JRxUG6wEU3KdhtKfvpg==
  dependencies:
    jquery ">=3.4.0 <4.0.0"

bootstrap-daterangepicker@^3.1.0:
  version "3.1.0"
  resolved "https://registry.npmjs.org/bootstrap-daterangepicker/-/bootstrap-daterangepicker-3.1.0.tgz"
  integrity sha512-oaQZx6ZBDo/dZNyXGVi2rx5GmFXThyQLAxdtIqjtLlYVaQUfQALl5JZMJJZzyDIX7blfy4ppZPAJ10g8Ma4d/g==
  dependencies:
    jquery ">=1.10"
    moment "^2.9.0"

bootstrap@^5.3.3:
  version "5.3.6"
  resolved "https://registry.npmjs.org/bootstrap/-/bootstrap-5.3.6.tgz"
  integrity sha512-jX0GAcRzvdwISuvArXn3m7KZscWWFAf1MKBcnzaN02qWMb3jpMoUX4/qgeiGzqyIb4ojulRzs89UCUmGcFSzTA==

brace-expansion@^5.0.5:
  version "5.0.6"
  resolved "https://registry.npmjs.org/brace-expansion/-/brace-expansion-5.0.6.tgz"
  integrity sha512-kLpxurY4Z4r9sgMsyG0Z9uzsBlgiU/EFKhj/h91/8yHu0edo7XuixOIH3VcJ8kkxs6/jPzoI6U9Vj3WqbMQ94g==
  dependencies:
    balanced-match "^4.0.2"

cross-spawn@^7.0.6:
  version "7.0.6"
  resolved "https://registry.npmjs.org/cross-spawn/-/cross-spawn-7.0.6.tgz"
  integrity sha512-uV2QOWP2nWzsy2aMp8aRibhi9dlzF5Hgh5SHaB9OiTGEyDTiJJyx0uy51QXdyWbtAHNua4XJzUKca3OzKUd3vA==
  dependencies:
    path-key "^3.1.0"
    shebang-command "^2.0.0"
    which "^2.0.1"

datatables.net-bs5@^2.1.8:
  version "2.3.1"
  resolved "https://registry.npmjs.org/datatables.net-bs5/-/datatables.net-bs5-2.3.1.tgz"
  integrity sha512-bUwsW7cIR8EDyiedQv6OKGF5ouxkFjaODmtEd7NRtpoZixAZDScmIrxe9cddjS0EybpC2gYslKs+o03E8tkCEA==
  dependencies:
    datatables.net "2.3.1"
    jquery ">=1.7"

datatables.net@^2.1.8:
  version "2.3.1"
  resolved "https://registry.npmjs.org/datatables.net/-/datatables.net-2.3.1.tgz"
  integrity sha512-pRXZuk3oR7P5kTl/CRvopcTihlvmZiY+xSBjbNI6e8MjYtgZQodWEqLUUOrIZeLH8CfxapPR/Bmb0NKAvILP5g==
  dependencies:
    jquery ">=1.7"

datatables.net@2.3.1:
  version "2.3.1"
  resolved "https://registry.npmjs.org/datatables.net/-/datatables.net-2.3.1.tgz"
  integrity sha512-pRXZuk3oR7P5kTl/CRvopcTihlvmZiY+xSBjbNI6e8MjYtgZQodWEqLUUOrIZeLH8CfxapPR/Bmb0NKAvILP5g==
  dependencies:
    jquery ">=1.7"

debug@^4.3.1, debug@^4.3.2:
  version "4.4.3"
  resolved "https://registry.npmjs.org/debug/-/debug-4.4.3.tgz"
  integrity sha512-RGwwWnwQvkVfavKVt22FGLw+xYSdzARwm0ru6DhTVA3umU5hZc28V3kO4stgYryrTlLpuvgI9GiijltAjNbcqA==
  dependencies:
    ms "^2.1.3"

deep-is@^0.1.3:
  version "0.1.4"
  resolved "https://registry.npmjs.org/deep-is/-/deep-is-0.1.4.tgz"
  integrity sha512-oIPzksmTg4/MriiaYGO+okXDT7ztn/w3Eptv/+gSIdMdKsJo0u4CfYNFJPy+4SKMuCqGw2wxnA+URMg3t8a/bQ==

escape-string-regexp@^4.0.0:
  version "4.0.0"
  resolved "https://registry.npmjs.org/escape-string-regexp/-/escape-string-regexp-4.0.0.tgz"
  integrity sha512-TtpcNJ3XAzx3Gq8sWRzJaVajRs0uVxA2YAkdb1jm2YkPz4G6egUFAyA3n5vtEIZefPk5Wa4UXbKuS5fKkJWdgA==

eslint-scope@^9.1.2:
  version "9.1.2"
  resolved "https://registry.npmjs.org/eslint-scope/-/eslint-scope-9.1.2.tgz"
  integrity sha512-xS90H51cKw0jltxmvmHy2Iai1LIqrfbw57b79w/J7MfvDfkIkFZ+kj6zC3BjtUwh150HsSSdxXZcsuv72miDFQ==
  dependencies:
    "@types/esrecurse" "^4.3.1"
    "@types/estree" "^1.0.8"
    esrecurse "^4.3.0"
    estraverse "^5.2.0"

eslint-visitor-keys@^3.4.3:
  version "3.4.3"
  resolved "https://registry.npmjs.org/eslint-visitor-keys/-/eslint-visitor-keys-3.4.3.tgz"
  integrity sha512-wpc+LXeiyiisxPlEkUzU6svyS1frIO3Mgxj1fdy7Pm8Ygzguax2N3Fa/D/ag1WqbOprdI+uY6wMUl8/a2G+iag==

eslint-visitor-keys@^5.0.1:
  version "5.0.1"
  resolved "https://registry.npmjs.org/eslint-visitor-keys/-/eslint-visitor-keys-5.0.1.tgz"
  integrity sha512-tD40eHxA35h0PEIZNeIjkHoDR4YjjJp34biM0mDvplBe//mB+IHCqHDGV7pxF+7MklTvighcCPPZC7ynWyjdTA==

eslint@^10.3.0, "eslint@^6.0.0 || ^7.0.0 || >=8.0.0":
  version "10.3.0"
  resolved "https://registry.npmjs.org/eslint/-/eslint-10.3.0.tgz"
  integrity sha512-XbEXaRva5cF0ZQB8w6MluHA0kZZfV2DuCMJ3ozyEOHLwDpZX2Lmm/7Pp0xdJmI0GL1W05VH5VwIFHEm1Vcw2gw==
  dependencies:
    "@eslint-community/eslint-utils" "^4.8.0"
    "@eslint-community/regexpp" "^4.12.2"
    "@eslint/config-array" "^0.23.5"
    "@eslint/config-helpers" "^0.5.5"
    "@eslint/core" "^1.2.1"
    "@eslint/plugin-kit" "^0.7.1"
    "@humanfs/node" "^0.16.6"
    "@humanwhocodes/module-importer" "^1.0.1"
    "@humanwhocodes/retry" "^0.4.2"
    "@types/estree" "^1.0.6"
    ajv "^6.14.0"
    cross-spawn "^7.0.6"
    debug "^4.3.2"
    escape-string-regexp "^4.0.0"
    eslint-scope "^9.1.2"
    eslint-visitor-keys "^5.0.1"
    espree "^11.2.0"
    esquery "^1.7.0"
    esutils "^2.0.2"
    fast-deep-equal "^3.1.3"
    file-entry-cache "^8.0.0"
    find-up "^5.0.0"
    glob-parent "^6.0.2"
    ignore "^5.2.0"
    imurmurhash "^0.1.4"
    is-glob "^4.0.0"
    json-stable-stringify-without-jsonify "^1.0.1"
    minimatch "^10.2.4"
    natural-compare "^1.4.0"
    optionator "^0.9.3"

espree@^11.2.0:
  version "11.2.0"
  resolved "https://registry.npmjs.org/espree/-/espree-11.2.0.tgz"
  integrity sha512-7p3DrVEIopW1B1avAGLuCSh1jubc01H2JHc8B4qqGblmg5gI9yumBgACjWo4JlIc04ufug4xJ3SQI8HkS/Rgzw==
  dependencies:
    acorn "^8.16.0"
    acorn-jsx "^5.3.2"
    eslint-visitor-keys "^5.0.1"

esquery@^1.7.0:
  version "1.7.0"
  resolved "https://registry.npmjs.org/esquery/-/esquery-1.7.0.tgz"
  integrity sha512-Ap6G0WQwcU/LHsvLwON1fAQX9Zp0A2Y6Y/cJBl9r/JbW90Zyg4/zbG6zzKa2OTALELarYHmKu0GhpM5EO+7T0g==
  dependencies:
    estraverse "^5.1.0"

esrecurse@^4.3.0:
  version "4.3.0"
  resolved "https://registry.npmjs.org/esrecurse/-/esrecurse-4.3.0.tgz"
  integrity sha512-KmfKL3b6G+RXvP8N1vr3Tq1kL/oCFgn2NYXEtqP8/L3pKapUA4G8cFVaoF3SU323CD4XypR/ffioHmkti6/Tag==
  dependencies:
    estraverse "^5.2.0"

estraverse@^5.1.0, estraverse@^5.2.0:
  version "5.3.0"
  resolved "https://registry.npmjs.org/estraverse/-/estraverse-5.3.0.tgz"
  integrity sha512-MMdARuVEQziNTeJD8DgMqmhwR11BRQ/cBP+pLtYdSTnf3MIO8fFeiINEbX36ZdNlfU/7A9f3gUw49B3oQsvwBA==

esutils@^2.0.2:
  version "2.0.3"
  resolved "https://registry.npmjs.org/esutils/-/esutils-2.0.3.tgz"
  integrity sha512-kVscqXk4OCp68SZ0dkgEKVi6/8ij300KBWTJq32P/dYeWTSwK41WyTxalN1eRmA5Z9UU/LX9D7FWSmV9SAYx6g==

event-target-shim@^5.0.0:
  version "5.0.1"
  resolved "https://registry.npmjs.org/event-target-shim/-/event-target-shim-5.0.1.tgz"
  integrity sha512-i/2XbnSz/uxRCU6+NdVJgKWDTM427+MqYbkQzD321DuCQJUqOuJKIA0IM2+W2xtYHdKOmZ4dR6fExsd4SXL+WQ==

eventsource@^2.0.2:
  version "2.0.2"
  resolved "https://registry.npmjs.org/eventsource/-/eventsource-2.0.2.tgz"
  integrity sha512-IzUmBGPR3+oUG9dUeXynyNmf91/3zUSJg1lCktzKw47OXuhco54U3r9B7O4XX+Rb1Itm9OZ2b0RkTs10bICOxA==

fast-deep-equal@^3.1.1, fast-deep-equal@^3.1.3:
  version "3.1.3"
  resolved "https://registry.npmjs.org/fast-deep-equal/-/fast-deep-equal-3.1.3.tgz"
  integrity sha512-f3qQ9oQy9j2AhBe/H9VC91wLmKBCCU/gDOnKNAYG5hswO7BLKj09Hc5HYNz9cGI++xlpDCIgDaitVs03ATR84Q==

fast-json-stable-stringify@^2.0.0:
  version "2.1.0"
  resolved "https://registry.npmjs.org/fast-json-stable-stringify/-/fast-json-stable-stringify-2.1.0.tgz"
  integrity sha512-lhd/wF+Lk98HZoTCtlVraHtfh5XYijIjalXck7saUtuanSDyLMxnHhSXEDJqHxD7msR8D0uCmqlkwjCV8xvwHw==

fast-levenshtein@^2.0.6:
  version "2.0.6"
  resolved "https://registry.npmjs.org/fast-levenshtein/-/fast-levenshtein-2.0.6.tgz"
  integrity sha512-DCXu6Ifhqcks7TZKY3Hxp3y6qphY5SJZmrWMDrKcERSOXWQdMhU9Ig/PYrzyw/ul9jOIyh0N4M0tbC5hodg8dw==

fetch-cookie@^2.0.3:
  version "2.2.0"
  resolved "https://registry.npmjs.org/fetch-cookie/-/fetch-cookie-2.2.0.tgz"
  integrity sha512-h9AgfjURuCgA2+2ISl8GbavpUdR+WGAM2McW/ovn4tVccegp8ZqCKWSBR8uRdM8dDNlx5WdKRWxBYUwteLDCNQ==
  dependencies:
    set-cookie-parser "^2.4.8"
    tough-cookie "^4.0.0"

file-entry-cache@^8.0.0:
  version "8.0.0"
  resolved "https://registry.npmjs.org/file-entry-cache/-/file-entry-cache-8.0.0.tgz"
  integrity sha512-XXTUwCvisa5oacNGRP9SfNtYBNAMi+RPwBFmblZEF7N7swHYQS6/Zfk7SRwx4D5j3CH211YNRco1DEMNVfZCnQ==
  dependencies:
    flat-cache "^4.0.0"

find-up@^5.0.0:
  version "5.0.0"
  resolved "https://registry.npmjs.org/find-up/-/find-up-5.0.0.tgz"
  integrity sha512-78/PXT1wlLLDgTzDs7sjq9hzz0vXD+zn+7wypEe4fXQxCmdmqfGsEPQxmiCSQI3ajFV91bVSsvNtrJRiW6nGng==
  dependencies:
    locate-path "^6.0.0"
    path-exists "^4.0.0"

flat-cache@^4.0.0:
  version "4.0.1"
  resolved "https://registry.npmjs.org/flat-cache/-/flat-cache-4.0.1.tgz"
  integrity sha512-f7ccFPK3SXFHpx15UIGyRJ/FJQctuKZ0zVuN3frBo4HnK3cay9VEW0R6yPYFHC0AgqhukPzKjq22t5DmAyqGyw==
  dependencies:
    flatted "^3.2.9"
    keyv "^4.5.4"

flatted@^3.2.9:
  version "3.4.2"
  resolved "https://registry.npmjs.org/flatted/-/flatted-3.4.2.tgz"
  integrity sha512-PjDse7RzhcPkIJwy5t7KPWQSZ9cAbzQXcafsetQoD7sOJRQlGikNbx7yZp2OotDnJyrDcbyRq3Ttb18iYOqkxA==

glob-parent@^6.0.2:
  version "6.0.2"
  resolved "https://registry.npmjs.org/glob-parent/-/glob-parent-6.0.2.tgz"
  integrity sha512-XxwI8EOhVQgWp6iDL+3b0r86f4d6AX6zSU55HfB4ydCEuXLXc5FcYeOu+nnGftS4TEju/11rt4KJPTMgbfmv4A==
  dependencies:
    is-glob "^4.0.3"

ignore@^5.2.0:
  version "5.3.2"
  resolved "https://registry.npmjs.org/ignore/-/ignore-5.3.2.tgz"
  integrity sha512-hsBTNUqQTDwkWtcdYI2i06Y/nUBEsNEDJKjWdigLvegy8kDuJAS8uRlpkkcQpyEXL0Z/pjDy5HBmMjRCJ2gq+g==

imurmurhash@^0.1.4:
  version "0.1.4"
  resolved "https://registry.npmjs.org/imurmurhash/-/imurmurhash-0.1.4.tgz"
  integrity sha512-JmXMZ6wuvDmLiHEml9ykzqO6lwFbof0GG4IkcGaENdCRDDmMVnny7s5HsIgHCbaq0w2MyPhDqkhTUgS2LU2PHA==

is-extglob@^2.1.1:
  version "2.1.1"
  resolved "https://registry.npmjs.org/is-extglob/-/is-extglob-2.1.1.tgz"
  integrity sha512-SbKbANkN603Vi4jEZv49LeVJMn4yGwsbzZworEoyEiutsN3nJYdbO36zfhGJ6QEDpOZIFkDtnq5JRxmvl3jsoQ==

is-glob@^4.0.0, is-glob@^4.0.3:
  version "4.0.3"
  resolved "https://registry.npmjs.org/is-glob/-/is-glob-4.0.3.tgz"
  integrity sha512-xelSayHH36ZgE7ZWhli7pW34hNbNl8Ojv5KVmkJD4hBdD3th8Tfk9vYasLM+mXWOZhFkgZfxhLSnrwRr4elSSg==
  dependencies:
    is-extglob "^2.1.1"

isexe@^2.0.0:
  version "2.0.0"
  resolved "https://registry.npmjs.org/isexe/-/isexe-2.0.0.tgz"
  integrity sha512-RHxMLp9lnKHGHRng9QFhRCMbYAcVpn69smSGcq3f36xjgVVWThj4qqLbTLlq7Ssj8B+fIQ1EuCEGI2lKsyQeIw==

jquery-form@^4.3.0:
  version "4.3.0"
  resolved "https://registry.npmjs.org/jquery-form/-/jquery-form-4.3.0.tgz"
  integrity sha512-q3uaVCEWdLOYUCI6dpNdwf/7cJFOsUgdpq6r0taxtGQ5NJSkOzofyWm4jpOuJ5YxdmL1FI5QR+q+HB63HHLGnQ==
  dependencies:
    jquery ">=1.7.2"

jquery-mousewheel@>=3.0.6:
  version "3.1.13"
  resolved "https://registry.npmjs.org/jquery-mousewheel/-/jquery-mousewheel-3.1.13.tgz"
  integrity sha1-BvAzXxbjU6aV5yBr9QUDy1I6buU=

jquery-validation-unobtrusive@^4.0.0:
  version "4.0.0"
  resolved "https://registry.npmjs.org/jquery-validation-unobtrusive/-/jquery-validation-unobtrusive-4.0.0.tgz"
  integrity sha512-1ervYFFv6LX/rp7ktuLnMakHNG0piNRDyROI8Ir3hL1vPIwylAehB1AY3BPrYJnzW3WmwWryZq+Bz4sazZK9iQ==
  dependencies:
    jquery "^3.6.0"
    jquery-validation ">=1.19"

jquery-validation@^1.21.0, jquery-validation@>=1.19:
  version "1.21.0"
  resolved "https://registry.npmjs.org/jquery-validation/-/jquery-validation-1.21.0.tgz"
  integrity sha512-xNot0rlUIgu7duMcQ5qb6MGkGL/Z1PQaRJQoZAURW9+a/2PGOUxY36o/WyNeP2T9R6jvWB8Z9lUVvvQWI/Zs5w==

"jquery@^1.7 || ^2.0 || ^3.1", jquery@>=1.10, jquery@>=1.12.0, "jquery@>=1.5.0 <4.0", jquery@>=1.7, jquery@>=1.7.2, "jquery@>=3.4.0 <4.0.0":
  version "3.5.1"
  resolved "https://registry.npmjs.org/jquery/-/jquery-3.5.1.tgz"
  integrity sha512-XwIBPqcMn57FxfT+Go5pzySnm4KWkT1Tv7gjrpT1srtf8Weynl6R273VJ5GjkRb51IzMp5nbaPjJXMWeju2MKg==

jquery@^3.6.0, jquery@~3.7.1:
  version "3.7.1"
  resolved "https://registry.npmjs.org/jquery/-/jquery-3.7.1.tgz"
  integrity sha512-m4avr8yL8kmFN8psrbFFFmB/If14iN5o9nw/NgnnM+kybDJpRsAynV2BsfpTYrTRysYUdADVD7CkUUizgkpLfg==

json-buffer@3.0.1:
  version "3.0.1"
  resolved "https://registry.npmjs.org/json-buffer/-/json-buffer-3.0.1.tgz"
  integrity sha512-4bV5BfR2mqfQTJm+V5tPPdf+ZpuhiIvTuAB5g8kcrXOZpTT/QwwVRWBywX1ozr6lEuPdbHxwaJlm9G6mI2sfSQ==

json-schema-traverse@^0.4.1:
  version "0.4.1"
  resolved "https://registry.npmjs.org/json-schema-traverse/-/json-schema-traverse-0.4.1.tgz"
  integrity sha512-xbbCH5dCYU5T8LcEhhuh7HJ88HXuW3qsI3Y0zOZFKfZEHcpWiHU/Jxzk629Brsab/mMiHQti9wMP+845RPe3Vg==

json-stable-stringify-without-jsonify@^1.0.1:
  version "1.0.1"
  resolved "https://registry.npmjs.org/json-stable-stringify-without-jsonify/-/json-stable-stringify-without-jsonify-1.0.1.tgz"
  integrity sha512-Bdboy+l7tA3OGW6FjyFHWkP5LuByj1Tk33Ljyq0axyzdk9//JSi2u3fP1QSmd1KNwq6VOKYGlAu87CisVir6Pw==

just-compare@^2.3.0:
  version "2.3.0"
  resolved "https://registry.npmjs.org/just-compare/-/just-compare-2.3.0.tgz"
  integrity sha512-6shoR7HDT+fzfL3gBahx1jZG3hWLrhPAf+l7nCwahDdT9XDtosB9kIF0ZrzUp5QY8dJWfQVr5rnsPqsbvflDzg==

keyv@^4.5.4:
  version "4.5.4"
  resolved "https://registry.npmjs.org/keyv/-/keyv-4.5.4.tgz"
  integrity sha512-oxVHkHR/EJf2CNXnWxRLW6mg7JyCCUcG0DtEGmL2ctUo1PNTin1PUil+r/+4r5MpVgC/fn1kjsx7mjSujKqIpw==
  dependencies:
    json-buffer "3.0.1"

levn@^0.4.1:
  version "0.4.1"
  resolved "https://registry.npmjs.org/levn/-/levn-0.4.1.tgz"
  integrity sha512-+bT2uH4E5LGE7h/n3evcS/sQlJXCpIp6ym8OWJ5eV6+67Dsql/LaaT7qJBAt2rzfoa/5QBGBhxDix1dMt2kQKQ==
  dependencies:
    prelude-ls "^1.2.1"
    type-check "~0.4.0"

locate-path@^6.0.0:
  version "6.0.0"
  resolved "https://registry.npmjs.org/locate-path/-/locate-path-6.0.0.tgz"
  integrity sha512-iPZK6eYjbxRu3uB4/WZ3EsEIMJFMqAoopl3R+zuq0UjcAm/MO6KCweDgPfP3elTztoKP3KtnVHxTn2NHBSDVUw==
  dependencies:
    p-locate "^5.0.0"

lodash@^4.17.21:
  version "4.17.21"
  resolved "https://registry.npmjs.org/lodash/-/lodash-4.17.21.tgz"
  integrity sha512-v2kDEe57lecTulaDIuNTPy3Ry4gLGJ6Z1O3vE1krgXZNrsQ+LFTGHVxVjcXPs17LhbZVGedAJv8XZ1tvj5FvSg==

luxon@^3.5.0:
  version "3.6.1"
  resolved "https://registry.npmjs.org/luxon/-/luxon-3.6.1.tgz"
  integrity sha512-tJLxrKJhO2ukZ5z0gyjY1zPh3Rh88Ej9P7jNrZiHMUXHae1yvI2imgOZtL1TO8TW6biMMKfTtAOoEJANgtWBMQ==

malihu-custom-scrollbar-plugin@^3.1.5:
  version "3.1.5"
  resolved "https://registry.npmjs.org/malihu-custom-scrollbar-plugin/-/malihu-custom-scrollbar-plugin-3.1.5.tgz"
  integrity sha1-MQzsxeWUFaHCnp37XStuAdZqKe8=
  dependencies:
    jquery-mousewheel ">=3.0.6"

minimatch@^10.2.4:
  version "10.2.5"
  resolved "https://registry.npmjs.org/minimatch/-/minimatch-10.2.5.tgz"
  integrity sha512-MULkVLfKGYDFYejP07QOurDLLQpcjk7Fw+7jXS2R2czRQzR56yHRveU5NDJEOviH+hETZKSkIk5c+T23GjFUMg==
  dependencies:
    brace-expansion "^5.0.5"

moment@^2.30.1, moment@^2.9.0:
  version "2.30.1"
  resolved "https://registry.npmjs.org/moment/-/moment-2.30.1.tgz"
  integrity sha512-uEmtNhbDOrWPFS+hdjFCBfy9f2YoyzRpwcl+DqpC6taX21FzsTLQVbMV/W7PzNSX6x/bhC1zA3c2UQ5NzH6how==

ms@^2.1.3:
  version "2.1.3"
  resolved "https://registry.npmjs.org/ms/-/ms-2.1.3.tgz"
  integrity sha512-6FlzubTLZG3J2a/NVCAleEhjzq5oxgHyaCU9yYXvcLsvoVaHJq/s5xXI6/XXP6tz7R9xAOtHnSO/tXtF3WRTlA==

"my-app@file:":
  version "1.0.0"
  resolved "file:"
  dependencies:
    "@abp/aspnetcore.mvc.ui.theme.leptonxlite" "~4.1.0"
    "@abp/signalr" "^9.2.0"
    my-app "file:"

natural-compare@^1.4.0:
  version "1.4.0"
  resolved "https://registry.npmjs.org/natural-compare/-/natural-compare-1.4.0.tgz"
  integrity sha512-OWND8ei3VtNC9h7V60qff3SVobHr996CTwgxubgyQYEpg290h9J0buyECNNJexkFm5sOajh5G116RYA1c8ZMSw==

node-fetch@^2.6.7:
  version "2.7.0"
  resolved "https://registry.npmjs.org/node-fetch/-/node-fetch-2.7.0.tgz"
  integrity sha512-c4FRfUm/dbcWZ7U+1Wq0AwCyFL+3nt2bEw05wfxSz+DWpWsitgmSgYmy2dQdWyKC1694ELPqMs/YzUSNozLt8A==
  dependencies:
    whatwg-url "^5.0.0"

optionator@^0.9.3:
  version "0.9.4"
  resolved "https://registry.npmjs.org/optionator/-/optionator-0.9.4.tgz"
  integrity sha512-6IpQ7mKUxRcZNLIObR0hz7lxsapSSIYNZJwXPGeF0mTVqGKFIXj1DQcMoT22S3ROcLyY/rz0PWaWZ9ayWmad9g==
  dependencies:
    deep-is "^0.1.3"
    fast-levenshtein "^2.0.6"
    levn "^0.4.1"
    prelude-ls "^1.2.1"
    type-check "^0.4.0"
    word-wrap "^1.2.5"

p-limit@^3.0.2:
  version "3.1.0"
  resolved "https://registry.npmjs.org/p-limit/-/p-limit-3.1.0.tgz"
  integrity sha512-TYOanM3wGwNGsZN2cVTYPArw454xnXj5qmWF1bEoAc4+cU/ol7GVh7odevjp1FNHduHc3KZMcFduxU5Xc6uJRQ==
  dependencies:
    yocto-queue "^0.1.0"

p-locate@^5.0.0:
  version "5.0.0"
  resolved "https://registry.npmjs.org/p-locate/-/p-locate-5.0.0.tgz"
  integrity sha512-LaNjtRWUBY++zB5nE/NwcaoMylSPk+S+ZHNB1TzdbMJMny6dynpAGt7X/tl/QYq3TIeE6nxHppbo2LGymrG5Pw==
  dependencies:
    p-limit "^3.0.2"

path-exists@^4.0.0:
  version "4.0.0"
  resolved "https://registry.npmjs.org/path-exists/-/path-exists-4.0.0.tgz"
  integrity sha512-ak9Qy5Q7jYb2Wwcey5Fpvg2KoAc/ZIhLSLOSBmRmygPsGwkVVt0fZa0qrtMz+m6tJTAHfZQ8FnmB4MG4LWy7/w==

path-key@^3.1.0:
  version "3.1.1"
  resolved "https://registry.npmjs.org/path-key/-/path-key-3.1.1.tgz"
  integrity sha512-ojmeN0qd+y0jszEtoY48r0Peq5dwMEkIlCOu6Q5f41lfkswXuKtYrhgoTpLnyIcHm24Uhqx+5Tqm2InSwLhE6Q==

prelude-ls@^1.2.1:
  version "1.2.1"
  resolved "https://registry.npmjs.org/prelude-ls/-/prelude-ls-1.2.1.tgz"
  integrity sha512-vkcDPrRZo1QZLbn5RLGPpg/WmIQ65qoWWhcGKf/b5eplkkarX0m9z8ppCat4mlOqUsWpyNuYgO3VRyrYHSzX5g==

psl@^1.1.33:
  version "1.15.0"
  resolved "https://registry.npmjs.org/psl/-/psl-1.15.0.tgz"
  integrity sha512-JZd3gMVBAVQkSs6HdNZo9Sdo0LNcQeMNP3CozBJb3JYC/QUYZTnKxP+f8oWRX4rHP5EurWxqAHTSwUCjlNKa1w==
  dependencies:
    punycode "^2.3.1"

punycode@^2.1.0, punycode@^2.1.1, punycode@^2.3.1:
  version "2.3.1"
  resolved "https://registry.npmjs.org/punycode/-/punycode-2.3.1.tgz"
  integrity sha512-vYt7UD1U9Wg6138shLtLOvdAu+8DsC/ilFtEVHcH+wydcSpNE20AfSOduf6MkRFahL5FY7X1oU7nKVZFtfq8Fg==

querystringify@^2.1.1:
  version "2.2.0"
  resolved "https://registry.npmjs.org/querystringify/-/querystringify-2.2.0.tgz"
  integrity sha512-FIqgj2EUvTa7R50u0rGsyTftzjYmv/a3hO345bZNrqabNqjtgiDMgmo4mkUjd+nzU5oF3dClKqFIPUKybUyqoQ==

requires-port@^1.0.0:
  version "1.0.0"
  resolved "https://registry.npmjs.org/requires-port/-/requires-port-1.0.0.tgz"
  integrity sha512-KigOCHcocU3XODJxsu8i/j8T9tzT4adHiecwORRQ0ZZFcp7ahwXuRU1m+yuO90C5ZUyGeGfocHDI14M3L3yDAQ==

select2@^4.0.13:
  version "4.0.13"
  resolved "https://registry.npmjs.org/select2/-/select2-4.0.13.tgz"
  integrity sha512-1JeB87s6oN/TDxQQYCvS5EFoQyvV6eYMZZ0AeA4tdFDYWN3BAGZ8npr17UBFddU0lgAt3H0yjX3X6/ekOj1yjw==

set-cookie-parser@^2.4.8:
  version "2.7.1"
  resolved "https://registry.npmjs.org/set-cookie-parser/-/set-cookie-parser-2.7.1.tgz"
  integrity sha512-IOc8uWeOZgnb3ptbCURJWNjWUPcO3ZnTTdzsurqERrP6nPyv+paC55vJM0LpOlT2ne+Ix+9+CRG1MNLlyZ4GjQ==

shebang-command@^2.0.0:
  version "2.0.0"
  resolved "https://registry.npmjs.org/shebang-command/-/shebang-command-2.0.0.tgz"
  integrity sha512-kHxr2zZpYtdmrN1qDjrrX/Z1rR1kG8Dx+gkpK1G4eXmvXswmcE1hTWBWYUzlraYw1/yZp6YuDY77YtvbN0dmDA==
  dependencies:
    shebang-regex "^3.0.0"

shebang-regex@^3.0.0:
  version "3.0.0"
  resolved "https://registry.npmjs.org/shebang-regex/-/shebang-regex-3.0.0.tgz"
  integrity sha512-7++dFhtcx3353uBaq8DDR4NuxBetBzC7ZQOhmTQInHEd6bSrXdiEyzCvG07Z44UYdLShWUyXt5M/yhz8ekcb1A==

sweetalert2@^11.14.1:
  version "11.22.0"
  resolved "https://registry.npmjs.org/sweetalert2/-/sweetalert2-11.22.0.tgz"
  integrity sha512-pSMuRGDULhh+wrFkO22O0YsIXxs8yFE0O+WVYXcqc/sTa1oRnf0JlR+vfQIRY1QM1UeFfnCjyw6DYnG75/oxiQ==

timeago@^1.6.7:
  version "1.6.7"
  resolved "https://registry.npmjs.org/timeago/-/timeago-1.6.7.tgz"
  integrity sha512-FikcjN98+ij0siKH4VO4dZ358PR3oDDq4Vdl1+sN9gWz1/+JXGr3uZbUShYH/hL7bMhcTpPbplJU5Tej4b4jbQ==
  dependencies:
    jquery ">=1.5.0 <4.0"

toastr@^2.1.4:
  version "2.1.4"
  resolved "https://registry.npmjs.org/toastr/-/toastr-2.1.4.tgz"
  integrity sha1-i0O+ZPudDEFIcURvLbjoyk6V8YE=
  dependencies:
    jquery ">=1.12.0"

tough-cookie@^4.0.0:
  version "4.1.4"
  resolved "https://registry.npmjs.org/tough-cookie/-/tough-cookie-4.1.4.tgz"
  integrity sha512-Loo5UUvLD9ScZ6jh8beX1T6sO1w2/MpCRpEP7V280GKMVUQ0Jzar2U3UJPsrdbziLEMMhu3Ujnq//rhiFuIeag==
  dependencies:
    psl "^1.1.33"
    punycode "^2.1.1"
    universalify "^0.2.0"
    url-parse "^1.5.3"

tr46@~0.0.3:
  version "0.0.3"
  resolved "https://registry.npmjs.org/tr46/-/tr46-0.0.3.tgz"
  integrity sha512-N3WMsuqV66lT30CrXNbEjx4GEwlow3v6rr4mCcv6prnfwhS01rkgyFdjPNBYd9br7LpXV1+Emh01fHnq2Gdgrw==

type-check@^0.4.0, type-check@~0.4.0:
  version "0.4.0"
  resolved "https://registry.npmjs.org/type-check/-/type-check-0.4.0.tgz"
  integrity sha512-XleUoc9uwGXqjWwXaUTZAmzMcFZ5858QA2vvx1Ur5xIcixXIP+8LnFDgRplU30us6teqdlskFfu+ae4K79Ooew==
  dependencies:
    prelude-ls "^1.2.1"

universalify@^0.2.0:
  version "0.2.0"
  resolved "https://registry.npmjs.org/universalify/-/universalify-0.2.0.tgz"
  integrity sha512-CJ1QgKmNg3CwvAv/kOFmtnEN05f0D/cn9QntgNOQlQF9dgvVTHj3t+8JPdjqawCHk7V/KA+fbUqzZ9XWhcqPUg==

uri-js@^4.2.2:
  version "4.4.1"
  resolved "https://registry.npmjs.org/uri-js/-/uri-js-4.4.1.tgz"
  integrity sha512-7rKUyy33Q1yc98pQ1DAmLtwX109F7TIfWlW1Ydo8Wl1ii1SeHieeh0HHfPeL2fMXK6z0s8ecKs9frCuLJvndBg==
  dependencies:
    punycode "^2.1.0"

url-parse@^1.5.3:
  version "1.5.10"
  resolved "https://registry.npmjs.org/url-parse/-/url-parse-1.5.10.tgz"
  integrity sha512-WypcfiRhfeUP9vvF0j6rw0J3hrWrw6iZv3+22h6iRMJ/8z1Tj6XfLP4DsUix5MhMPnXpiHDoKyoZ/bdCkwBCiQ==
  dependencies:
    querystringify "^2.1.1"
    requires-port "^1.0.0"

webidl-conversions@^3.0.0:
  version "3.0.1"
  resolved "https://registry.npmjs.org/webidl-conversions/-/webidl-conversions-3.0.1.tgz"
  integrity sha512-2JAn3z8AR6rjK8Sm8orRC0h/bcl/DqL7tRPdGZ4I1CjdF+EaMLmYxBHyXuKL849eucPFhvBoxMsflfOb8kxaeQ==

whatwg-url@^5.0.0:
  version "5.0.0"
  resolved "https://registry.npmjs.org/whatwg-url/-/whatwg-url-5.0.0.tgz"
  integrity sha512-saE57nupxk6v3HY35+jzBwYa0rKSy0XR8JSxZPwgLr7ys0IBzhGviA1/TUGJLmSVqs8pb9AnvICXEuOHLprYTw==
  dependencies:
    tr46 "~0.0.3"
    webidl-conversions "^3.0.0"

which@^2.0.1:
  version "2.0.2"
  resolved "https://registry.npmjs.org/which/-/which-2.0.2.tgz"
  integrity sha512-BLI3Tl1TW3Pvl70l3yq3Y64i+awpwXqsGBYWkkqMtnbXgrMD+yj7rhW0kuEDxzJaYXGjEW5ogapKNMEKNMjibA==
  dependencies:
    isexe "^2.0.0"

word-wrap@^1.2.5:
  version "1.2.5"
  resolved "https://registry.npmjs.org/word-wrap/-/word-wrap-1.2.5.tgz"
  integrity sha512-BN22B5eaMMI9UMtjrGd5g5eCYPpCPDUy0FJXbYsaT5zYxjFOckS53SQDE3pWkVoWpHXVb3BrYcEN4Twa55B5cA==

ws@^7.4.5:
  version "7.5.10"
  resolved "https://registry.npmjs.org/ws/-/ws-7.5.10.tgz"
  integrity sha512-+dbF1tHwZpXcbOJdVOkzLDxZP1ailvSxM6ZweXTegylPny803bFhA+vqBYw4s31NSAk4S2Qz+AKXK9a4wkdjcQ==

yocto-queue@^0.1.0:
  version "0.1.0"
  resolved "https://registry.npmjs.org/yocto-queue/-/yocto-queue-0.1.0.tgz"
  integrity sha512-rVksvsnNCdJ/ohGc6xgPwyN8eheCxsiLM8mxuE/t/mOVqJewPuO1miLpTHQiRgTKCLexL4MeAFVagts7HmNZ2Q==
